// !$*UTF8*$!
{
	archiveVersion = 1;
	classes = {
	};
	objectVersion = 55;
	objects = {

/* Begin PBXBuildFile section */
		D44E124E27A32D6D00A34CF4 /* AvenGitHubOrgsApp.swift in Sources */ = {isa = PBXBuildFile; fileRef = D44E123E27A32D6B00A34CF4 /* AvenGitHubOrgsApp.swift */; };
		D44E124F27A32D6D00A34CF4 /* AvenGitHubOrgsApp.swift in Sources */ = {isa = PBXBuildFile; fileRef = D44E123E27A32D6B00A34CF4 /* AvenGitHubOrgsApp.swift */; };
		D44E125027A32D6D00A34CF4 /* ContentView.swift in Sources */ = {isa = PBXBuildFile; fileRef = D44E123F27A32D6B00A34CF4 /* ContentView.swift */; };
		D44E125127A32D6D00A34CF4 /* ContentView.swift in Sources */ = {isa = PBXBuildFile; fileRef = D44E123F27A32D6B00A34CF4 /* ContentView.swift */; };
		D44E125227A32D6D00A34CF4 /* Assets.xcassets in Resources */ = {isa = PBXBuildFile; fileRef = D44E124027A32D6D00A34CF4 /* Assets.xcassets */; };
		D44E125327A32D6D00A34CF4 /* Assets.xcassets in Resources */ = {isa = PBXBuildFile; fileRef = D44E124027A32D6D00A34CF4 /* Assets.xcassets */; };
		D44E125D27A32F0200A34CF4 /* OrganizationObserver.swift in Sources */ = {isa = PBXBuildFile; fileRef = D44E125C27A32F0100A34CF4 /* OrganizationObserver.swift */; };
		D44E125E27A32F0200A34CF4 /* OrganizationObserver.swift in Sources */ = {isa = PBXBuildFile; fileRef = D44E125C27A32F0100A34CF4 /* OrganizationObserver.swift */; };
		D44E126027A3300900A34CF4 /* Organization.swift in Sources */ = {isa = PBXBuildFile; fileRef = D44E125F27A3300900A34CF4 /* Organization.swift */; };
		D44E126127A3300900A34CF4 /* Organization.swift in Sources */ = {isa = PBXBuildFile; fileRef = D44E125F27A3300900A34CF4 /* Organization.swift */; };
/* End PBXBuildFile section */

/* Begin PBXFileReference section */
		D44E123E27A32D6B00A34CF4 /* AvenGitHubOrgsApp.swift */ = {isa = PBXFileReference; lastKnownFileType = sourcecode.swift; path = AvenGitHubOrgsApp.swift; sourceTree = "<group>"; };
		D44E123F27A32D6B00A34CF4 /* ContentView.swift */ = {isa = PBXFileReference; lastKnownFileType = sourcecode.swift; path = ContentView.swift; sourceTree = "<group>"; };
		D44E124027A32D6D00A34CF4 /* Assets.xcassets */ = {isa = PBXFileReference; lastKnownFileType = folder.assetcatalog; path = Assets.xcassets; sourceTree = "<group>"; };
		D44E124527A32D6D00A34CF4 /* AvenGitHubOrgs.app */ = {isa = PBXFileReference; explicitFileType = wrapper.application; includeInIndex = 0; path = AvenGitHubOrgs.app; sourceTree = BUILT_PRODUCTS_DIR; };
		D44E124B27A32D6D00A34CF4 /* AvenGitHubOrgs.app */ = {isa = PBXFileReference; explicitFileType = wrapper.application; includeInIndex = 0; path = AvenGitHubOrgs.app; sourceTree = BUILT_PRODUCTS_DIR; };
		D44E124D27A32D6D00A34CF4 /* macOS.entitlements */ = {isa = PBXFileReference; lastKnownFileType = text.plist.entitlements; path = macOS.entitlements; sourceTree = "<group>"; };
		D44E125C27A32F0100A34CF4 /* OrganizationObserver.swift */ = {isa = PBXFileReference; lastKnownFileType = sourcecode.swift; path = OrganizationObserver.swift; sourceTree = "<group>"; };
		D44E125F27A3300900A34CF4 /* Organization.swift */ = {isa = PBXFileReference; lastKnownFileType = sourcecode.swift; path = Organization.swift; sourceTree = "<group>"; };
/* End PBXFileReference section */

/* Begin PBXFrameworksBuildPhase section */
		D44E124227A32D6D00A34CF4 /* Frameworks */ = {
			isa = PBXFrameworksBuildPhase;
			buildActionMask = 2147483647;
			files = (
			);
			runOnlyForDeploymentPostprocessing = 0;
		};
		D44E124827A32D6D00A34CF4 /* Frameworks */ = {
			isa = PBXFrameworksBuildPhase;
			buildActionMask = 2147483647;
			files = (
			);
			runOnlyForDeploymentPostprocessing = 0;
		};
/* End PBXFrameworksBuildPhase section */

/* Begin PBXGroup section */
		D44E123827A32D6B00A34CF4 = {
			isa = PBXGroup;
			children = (
				D44E123D27A32D6B00A34CF4 /* Shared */,
				D44E124C27A32D6D00A34CF4 /* macOS */,
				D44E124627A32D6D00A34CF4 /* Products */,
			);
			sourceTree = "<group>";
		};
		D44E123D27A32D6B00A34CF4 /* Shared */ = {
			isa = PBXGroup;
			children = (
				D44E123E27A32D6B00A34CF4 /* AvenGitHubOrgsApp.swift */,
				D44E123F27A32D6B00A34CF4 /* ContentView.swift */,
				D44E125C27A32F0100A34CF4 /* OrganizationObserver.swift */,
				D44E125F27A3300900A34CF4 /* Organization.swift */,
				D44E124027A32D6D00A34CF4 /* Assets.xcassets */,
			);
			path = Shared;
			sourceTree = "<group>";
		};
		D44E124627A32D6D00A34CF4 /* Products */ = {
			isa = PBXGroup;
			children = (
				D44E124527A32D6D00A34CF4 /* AvenGitHubOrgs.app */,
				D44E124B27A32D6D00A34CF4 /* AvenGitHubOrgs.app */,
			);
			name = Products;
			sourceTree = "<group>";
		};
		D44E124C27A32D6D00A34CF4 /* macOS */ = {
			isa = PBXGroup;
			children = (
				D44E124D27A32D6D00A34CF4 /* macOS.entitlements */,
			);
			path = macOS;
			sourceTree = "<group>";
		};
/* End PBXGroup section */

/* Begin PBXNativeTarget section */
		D44E124427A32D6D00A34CF4 /* AvenGitHubOrgs (iOS) */ = {
			isa = PBXNativeTarget;
			buildConfigurationList = D44E125627A32D6D00A34CF4 /* Build configuration list for PBXNativeTarget "AvenGitHubOrgs (iOS)" */;
			buildPhases = (
				D44E124127A32D6D00A34CF4 /* Sources */,
				D44E124227A32D6D00A34CF4 /* Frameworks */,
				D44E124327A32D6D00A34CF4 /* Resources */,
			);
			buildRules = (
			);
			dependencies = (
			);
			name = "AvenGitHubOrgs (iOS)";
			productName = "AvenGitHubOrgs (iOS)";
			productReference = D44E124527A32D6D00A34CF4 /* AvenGitHubOrgs.app */;
			productType = "com.apple.product-type.application";
		};
		D44E124A27A32D6D00A34CF4 /* AvenGitHubOrgs (macOS) */ = {
			isa = PBXNativeTarget;
			buildConfigurationList = D44E125927A32D6D00A34CF4 /* Build configuration list for PBXNativeTarget "AvenGitHubOrgs (macOS)" */;
			buildPhases = (
				D44E124727A32D6D00A34CF4 /* Sources */,
				D44E124827A32D6D00A34CF4 /* Frameworks */,
				D44E124927A32D6D00A34CF4 /* Resources */,
			);
			buildRules = (
			);
			dependencies = (
			);
			name = "AvenGitHubOrgs (macOS)";
			productName = "AvenGitHubOrgs (macOS)";
			productReference = D44E124B27A32D6D00A34CF4 /* AvenGitHubOrgs.app */;
			productType = "com.apple.product-type.application";
		};
/* End PBXNativeTarget section */

/* Begin PBXProject section */
		D44E123927A32D6B00A34CF4 /* Project object */ = {
			isa = PBXProject;
			attributes = {
				BuildIndependentTargetsInParallel = 1;
				LastSwiftUpdateCheck = 1320;
				LastUpgradeCheck = 1320;
				TargetAttributes = {
					D44E124427A32D6D00A34CF4 = {
						CreatedOnToolsVersion = 13.2.1;
					};
					D44E124A27A32D6D00A34CF4 = {
						CreatedOnToolsVersion = 13.2.1;
					};
				};
			};
			buildConfigurationList = D44E123C27A32D6B00A34CF4 /* Build configuration list for PBXProject "AvenGitHubOrgs" */;
			compatibilityVersion = "Xcode 13.0";
			developmentRegion = en;
			hasScannedForEncodings = 0;
			knownRegions = (
				en,
				Base,
			);
			mainGroup = D44E123827A32D6B00A34CF4;
			productRefGroup = D44E124627A32D6D00A34CF4 /* Products */;
			projectDirPath = "";
			projectRoot = "";
			targets = (
				D44E124427A32D6D00A34CF4 /* AvenGitHubOrgs (iOS) */,
				D44E124A27A32D6D00A34CF4 /* AvenGitHubOrgs (macOS) */,
			);
		};
/* End PBXProject section */

/* Begin PBXResourcesBuildPhase section */
		D44E124327A32D6D00A34CF4 /* Resources */ = {
			isa = PBXResourcesBuildPhase;
			buildActionMask = 2147483647;
			files = (
				D44E125227A32D6D00A34CF4 /* Assets.xcassets in Resources */,
			);
			runOnlyForDeploymentPostprocessing = 0;
		};
		D44E124927A32D6D00A34CF4 /* Resources */ = {
			isa = PBXResourcesBuildPhase;
			buildActionMask = 2147483647;
			files = (
				D44E125327A32D6D00A34CF4 /* Assets.xcassets in Resources */,
			);
			runOnlyForDeploymentPostprocessing = 0;
		};
/* End PBXResourcesBuildPhase section */

/* Begin PBXSourcesBuildPhase section */
		D44E124127A32D6D00A34CF4 /* Sources */ = {
			isa = PBXSourcesBuildPhase;
			buildActionMask = 2147483647;
			files = (
				D44E125D27A32F0200A34CF4 /* OrganizationObserver.swift in Sources */,
				D44E125027A32D6D00A34CF4 /* ContentView.swift in Sources */,
				D44E126027A3300900A34CF4 /* Organization.swift in Sources */,
				D44E124E27A32D6D00A34CF4 /* AvenGitHubOrgsApp.swift in Sources */,
			);
			runOnlyForDeploymentPostprocessing = 0;
		};
		D44E124727A32D6D00A34CF4 /* Sources */ = {
			isa = PBXSourcesBuildPhase;
			buildActionMask = 2147483647;
			files = (
				D44E125E27A32F0200A34CF4 /* OrganizationObserver.swift in Sources */,
				D44E125127A32D6D00A34CF4 /* ContentView.swift in Sources */,
				D44E126127A3300900A34CF4 /* Organization.swift in Sources */,
				D44E124F27A32D6D00A34CF4 /* AvenGitHubOrgsApp.swift in Sources */,
			);
			runOnlyForDeploymentPostprocessing = 0;
		};
/* End PBXSourcesBuildPhase section */

/* Begin XCBuildConfiguration section */
		D44E125427A32D6D00A34CF4 /* Debug */ = {
			isa = XCBuildConfiguration;
			buildSettings = {
				ALWAYS_SEARCH_USER_PATHS = NO;
				CLANG_ANALYZER_NONNULL = YES;
				CLANG_ANALYZER_NUMBER_OBJECT_CONVERSION = YES_AGGRESSIVE;
				CLANG_CXX_LANGUAGE_STANDARD = "gnu++17";
				CLANG_CXX_LIBRARY = "libc++";
				CLANG_ENABLE_MODULES = YES;
				CLANG_ENABLE_OBJC_ARC = YES;
				CLANG_ENABLE_OBJC_WEAK = YES;
				CLANG_WARN_BLOCK_CAPTURE_AUTORELEASING = YES;
				CLANG_WARN_BOOL_CONVERSION = YES;
				CLANG_WARN_COMMA = YES;
				CLANG_WARN_CONSTANT_CONVERSION = YES;
				CLANG_WARN_DEPRECATED_OBJC_IMPLEMENTATIONS = YES;
				CLANG_WARN_DIRECT_OBJC_ISA_USAGE = YES_ERROR;
				CLANG_WARN_DOCUMENTATION_COMMENTS = YES;
				CLANG_WARN_EMPTY_BODY = YES;
				CLANG_WARN_ENUM_CONVERSION = YES;
				CLANG_WARN_INFINITE_RECURSION = YES;
				CLANG_WARN_INT_CONVERSION = YES;
				CLANG_WARN_NON_LITERAL_NULL_CONVERSION = YES;
				CLANG_WARN_OBJC_IMPLICIT_RETAIN_SELF = YES;
				CLANG_WARN_OBJC_LITERAL_CONVERSION = YES;
				CLANG_WARN_OBJC_ROOT_CLASS = YES_ERROR;
				CLANG_WARN_QUOTED_INCLUDE_IN_FRAMEWORK_HEADER = YES;
				CLANG_WARN_RANGE_LOOP_ANALYSIS = YES;
				CLANG_WARN_STRICT_PROTOTYPES = YES;
				CLANG_WARN_SUSPICIOUS_MOVE = YES;
				CLANG_WARN_UNGUARDED_AVAILABILITY = YES_AGGRESSIVE;
				CLANG_WARN_UNREACHABLE_CODE = YES;
				CLANG_WARN__DUPLICATE_METHOD_MATCH = YES;
				COPY_PHASE_STRIP = NO;
				DEBUG_INFORMATION_FORMAT = dwarf;
				ENABLE_STRICT_OBJC_MSGSEND = YES;
				ENABLE_TESTABILITY = YES;
				GCC_C_LANGUAGE_STANDARD = gnu11;
				GCC_DYNAMIC_NO_PIC = NO;
				GCC_NO_COMMON_BLOCKS = YES;
				GCC_OPTIMIZATION_LEVEL = 0;
				GCC_PREPROCESSOR_DEFINITIONS = (
					"DEBUG=1",
					"$(inherited)",
				);
				GCC_WARN_64_TO_32_BIT_CONVERSION = YES;
				GCC_WARN_ABOUT_RETURN_TYPE = YES_ERROR;
				GCC_WARN_UNDECLARED_SELECTOR = YES;
				GCC_WARN_UNINITIALIZED_AUTOS = YES_AGGRESSIVE;
				GCC_WARN_UNUSED_FUNCTION = YES;
				GCC_WARN_UNUSED_VARIABLE = YES;
				MTL_ENABLE_DEBUG_INFO = INCLUDE_SOURCE;
				MTL_FAST_MATH = YES;
				ONLY_ACTIVE_ARCH = YES;
				SWIFT_ACTIVE_COMPILATION_CONDITIONS = DEBUG;
				SWIFT_OPTIMIZATION_LEVEL = "-Onone";
			};
			name = Debug;
		};
		D44E125527A32D6D00A34CF4 /* Release */ = {
			isa = XCBuildConfiguration;
			buildSettings = {
				ALWAYS_SEARCH_USER_PATHS = NO;
				CLANG_ANALYZER_NONNULL = YES;
				CLANG_ANALYZER_NUMBER_OBJECT_CONVERSION = YES_AGGRESSIVE;
				CLANG_CXX_LANGUAGE_STANDARD = "gnu++17";
				CLANG_CXX_LIBRARY = "libc++";
				CLANG_ENABLE_MODULES = YES;
				CLANG_ENABLE_OBJC_ARC = YES;
				CLANG_ENABLE_OBJC_WEAK = YES;
				CLANG_WARN_BLOCK_CAPTURE_AUTORELEASING = YES;
				CLANG_WARN_BOOL_CONVERSION = YES;
				CLANG_WARN_COMMA = YES;
				CLANG_WARN_CONSTANT_CONVERSION = YES;
				CLANG_WARN_DEPRECATED_OBJC_IMPLEMENTATIONS = YES;
				CLANG_WARN_DIRECT_OBJC_ISA_USAGE = YES_ERROR;
				CLANG_WARN_DOCUMENTATION_COMMENTS = YES;
				CLANG_WARN_EMPTY_BODY = YES;
				CLANG_WARN_ENUM_CONVERSION = YES;
				CLANG_WARN_INFINITE_RECURSION = YES;
				CLANG_WARN_INT_CONVERSION = YES;
				CLANG_WARN_NON_LITERAL_NULL_CONVERSION = YES;
				CLANG_WARN_OBJC_IMPLICIT_RETAIN_SELF = YES;
				CLANG_WARN_OBJC_LITERAL_CONVERSION = YES;
				CLANG_WARN_OBJC_ROOT_CLASS = YES_ERROR;
				CLANG_WARN_QUOTED_INCLUDE_IN_FRAMEWORK_HEADER = YES;
				CLANG_WARN_RANGE_LOOP_ANALYSIS = YES;
				CLANG_WARN_STRICT_PROTOTYPES = YES;
				CLANG_WARN_SUSPICIOUS_MOVE = YES;
				CLANG_WARN_UNGUARDED_AVAILABILITY = YES_AGGRESSIVE;
				CLANG_WARN_UNREACHABLE_CODE = YES;
				CLANG_WARN__DUPLICATE_METHOD_MATCH = YES;
				COPY_PHASE_STRIP = NO;
				DEBUG_INFORMATION_FORMAT = "dwarf-with-dsym";
				ENABLE_NS_ASSERTIONS = NO;
				ENABLE_STRICT_OBJC_MSGSEND = YES;
				GCC_C_LANGUAGE_STANDARD = gnu11;
				GCC_NO_COMMON_BLOCKS = YES;
				GCC_WARN_64_TO_32_BIT_CONVERSION = YES;
				GCC_WARN_ABOUT_RETURN_TYPE = YES_ERROR;
				GCC_WARN_UNDECLARED_SELECTOR = YES;
				GCC_WARN_UNINITIALIZED_AUTOS = YES_AGGRESSIVE;
				GCC_WARN_UNUSED_FUNCTION = YES;
				GCC_WARN_UNUSED_VARIABLE = YES;
				MTL_ENABLE_DEBUG_INFO = NO;
				MTL_FAST_MATH = YES;
				SWIFT_COMPILATION_MODE = wholemodule;
				SWIFT_OPTIMIZATION_LEVEL = "-O";
			};
			name = Release;
		};
		D44E125727A32D6D00A34CF4 /* Debug */ = {
			isa = XCBuildConfiguration;
			buildSettings = {
				ASSETCATALOG_COMPILER_APPICON_NAME = AppIcon;
				ASSETCATALOG_COMPILER_GLOBAL_ACCENT_COLOR_NAME = AccentColor;
				CODE_SIGN_STYLE = Automatic;
				CURRENT_PROJECT_VERSION = 1;
				DEVELOPMENT_TEAM = RN9D88P79F;
				ENABLE_PREVIEWS = YES;
				GENERATE_INFOPLIST_FILE = YES;
				INFOPLIST_KEY_UIApplicationSceneManifest_Generation = YES;
				INFOPLIST_KEY_UIApplicationSupportsIndirectInputEvents = YES;
				INFOPLIST_KEY_UILaunchScreen_Generation = YES;
				INFOPLIST_KEY_UISupportedInterfaceOrientations_iPad = "UIInterfaceOrientationPortrait UIInterfaceOrientationPortraitUpsideDown UIInterfaceOrientationLandscapeLeft UIInterfaceOrientationLandscapeRight";
				INFOPLIST_KEY_UISupportedInterfaceOrientations_iPhone = "UIInterfaceOrientationPortrait UIInterfaceOrientationLandscapeLeft UIInterfaceOrientationLandscapeRight";
				IPHONEOS_DEPLOYMENT_TARGET = 15.2;
				LD_RUNPATH_SEARCH_PATHS = (
					"$(inherited)",
					"@executable_path/Frameworks",
				);
				MARKETING_VERSION = 1.0;
				PRODUCT_BUNDLE_IDENTIFIER = com.wilcoxcurtis.AvenGitHubOrgs;
				PRODUCT_NAME = AvenGitHubOrgs;
				SDKROOT = iphoneos;
				SWIFT_EMIT_LOC_STRINGS = YES;
				SWIFT_VERSION = 5.0;
				TARGETED_DEVICE_FAMILY = "1,2";
			};
			name = Debug;
		};
		D44E125827A32D6D00A34CF4 /* Release */ = {
			isa = XCBuildConfiguration;
			buildSettings = {
				ASSETCATALOG_COMPILER_APPICON_NAME = AppIcon;
				ASSETCATALOG_COMPILER_GLOBAL_ACCENT_COLOR_NAME = AccentColor;
				CODE_SIGN_STYLE = Automatic;
				CURRENT_PROJECT_VERSION = 1;
				DEVELOPMENT_TEAM = RN9D88P79F;
				ENABLE_PREVIEWS = YES;
				GENERATE_INFOPLIST_FILE = YES;
				INFOPLIST_KEY_UIApplicationSceneManifest_Generation = YES;
				INFOPLIST_KEY_UIApplicationSupportsIndirectInputEvents = YES;
				INFOPLIST_KEY_UILaunchScreen_Generation = YES;
				INFOPLIST_KEY_UISupportedInterfaceOrientations_iPad = "UIInterfaceOrientationPortrait UIInterfaceOrientationPortraitUpsideDown UIInterfaceOrientationLandscapeLeft UIInterfaceOrientationLandscapeRight";
				INFOPLIST_KEY_UISupportedInterfaceOrientations_iPhone = "UIInterfaceOrientationPortrait UIInterfaceOrientationLandscapeLeft UIInterfaceOrientationLandscapeRight";
				IPHONEOS_DEPLOYMENT_TARGET = 15.2;
				LD_RUNPATH_SEARCH_PATHS = (
					"$(inherited)",
					"@executable_path/Frameworks",
				);
				MARKETING_VERSION = 1.0;
				PRODUCT_BUNDLE_IDENTIFIER = com.wilcoxcurtis.AvenGitHubOrgs;
				PRODUCT_NAME = AvenGitHubOrgs;
				SDKROOT = iphoneos;
				SWIFT_EMIT_LOC_STRINGS = YES;
				SWIFT_VERSION = 5.0;
				TARGETED_DEVICE_FAMILY = "1,2";
				VALIDATE_PRODUCT = YES;
			};
			name = Release;
		};
		D44E125A27A32D6D00A34CF4 /* Debug */ = {
			isa = XCBuildConfiguration;
			buildSettings = {
				ASSETCATALOG_COMPILER_APPICON_NAME = AppIcon;
				ASSETCATALOG_COMPILER_GLOBAL_ACCENT_COLOR_NAME = AccentColor;
				CODE_SIGN_ENTITLEMENTS = macOS/macOS.entitlements;
				CODE_SIGN_STYLE = Automatic;
				COMBINE_HIDPI_IMAGES = YES;
				CURRENT_PROJECT_VERSION = 1;
				DEVELOPMENT_TEAM = RN9D88P79F;
				ENABLE_HARDENED_RUNTIME = YES;
				ENABLE_PREVIEWS = YES;
				GENERATE_INFOPLIST_FILE = YES;
				INFOPLIST_KEY_NSHumanReadableCopyright = "";
				LD_RUNPATH_SEARCH_PATHS = (
					"$(inherited)",
					"@executable_path/../Frameworks",
				);
				MACOSX_DEPLOYMENT_TARGET = 12.1;
				MARKETING_VERSION = 1.0;
				PRODUCT_BUNDLE_IDENTIFIER = com.wilcoxcurtis.AvenGitHubOrgs;
				PRODUCT_NAME = AvenGitHubOrgs;
				SDKROOT = macosx;
				SWIFT_EMIT_LOC_STRINGS = YES;
				SWIFT_VERSION = 5.0;
			};
			name = Debug;
		};
		D44E125B27A32D6D00A34CF4 /* Release */ = {
			isa = XCBuildConfiguration;
			buildSettings = {
				ASSETCATALOG_COMPILER_APPICON_NAME = AppIcon;
				ASSETCATALOG_COMPILER_GLOBAL_ACCENT_COLOR_NAME = AccentColor;
				CODE_SIGN_ENTITLEMENTS = macOS/macOS.entitlements;
				CODE_SIGN_STYLE = Automatic;
				COMBINE_HIDPI_IMAGES = YES;
				CURRENT_PROJECT_VERSION = 1;
				DEVELOPMENT_TEAM = RN9D88P79F;
				ENABLE_HARDENED_RUNTIME = YES;
				ENABLE_PREVIEWS = YES;
				GENERATE_INFOPLIST_FILE = YES;
				INFOPLIST_KEY_NSHumanReadableCopyright = "";
				LD_RUNPATH_SEARCH_PATHS = (
					"$(inherited)",
					"@executable_path/../Frameworks",
				);
				MACOSX_DEPLOYMENT_TARGET = 12.1;
				MARKETING_VERSION = 1.0;
				PRODUCT_BUNDLE_IDENTIFIER = com.wilcoxcurtis.AvenGitHubOrgs;
				PRODUCT_NAME = AvenGitHubOrgs;
				SDKROOT = macosx;
				SWIFT_EMIT_LOC_STRINGS = YES;
				SWIFT_VERSION = 5.0;
			};
			name = Release;
		};
/* End XCBuildConfiguration section */

/* Begin XCConfigurationList section */
		D44E123C27A32D6B00A34CF4 /* Build configuration list for PBXProject "AvenGitHubOrgs" */ = {
			isa = XCConfigurationList;
			buildConfigurations = (
				D44E125427A32D6D00A34CF4 /* Debug */,
				D44E125527A32D6D00A34CF4 /* Release */,
			);
			defaultConfigurationIsVisible = 0;
			defaultConfigurationName = Release;
		};
		D44E125627A32D6D00A34CF4 /* Build configuration list for PBXNativeTarget "AvenGitHubOrgs (iOS)" */ = {
			isa = XCConfigurationList;
			buildConfigurations = (
				D44E125727A32D6D00A34CF4 /* Debug */,
				D44E125827A32D6D00A34CF4 /* Release */,
			);
			defaultConfigurationIsVisible = 0;
			defaultConfigurationName = Release;
		};
		D44E125927A32D6D00A34CF4 /* Build configuration list for PBXNativeTarget "AvenGitHubOrgs (macOS)" */ = {
			isa = XCConfigurationList;
			buildConfigurations = (
				D44E125A27A32D6D00A34CF4 /* Debug */,
				D44E125B27A32D6D00A34CF4 /* Release */,
			);
			defaultConfigurationIsVisible = 0;
			defaultConfigurationName = Release;
		};
/* End XCConfigurationList section */
	};
	rootObject = D44E123927A32D6B00A34CF4 /* Project object */;
}
